
Microsoft Visual Studio Solution File, Format Version 12.00
# Visual Studio Version 16
VisualStudioVersion = 16.0.32106.194
MinimumVisualStudioVersion = 10.0.40219.1
Project("{FAE04EC0-301F-11D3-BF4B-00C04F79EFBC}") = "PizzariaMVC", "PizzariaMVC\PizzariaMVC.csproj", "{8EA16E8E-3D40-4E16-991F-03C5B8C88DF8}"
EndProject
Global
	GlobalSection(SolutionConfigurationPlatforms) = preSolution
		Debug|Any CPU = Debug|Any CPU
		Release|Any CPU = Release|Any CPU
	EndGlobalSection
	GlobalSection(ProjectConfigurationPlatforms) = postSolution
		{8EA16E8E-3D40-4E16-991F-03C5B8C88DF8}.Debug|Any CPU.ActiveCfg = Debug|Any CPU
		{8EA16E8E-3D40-4E16-991F-03C5B8C88DF8}.Debug|Any CPU.Build.0 = Debug|Any CPU
		{8EA16E8E-3D40-4E16-991F-03C5B8C88DF8}.Release|Any CPU.ActiveCfg = Release|Any CPU
		{8EA16E8E-3D40-4E16-991F-03C5B8C88DF8}.Release|Any CPU.Build.0 = Release|Any CPU
	EndGlobalSection
	GlobalSection(SolutionProperties) = preSolution
		HideSolutionNode = FALSE
	EndGlobalSection
	GlobalSection(ExtensibilityGlobals) = postSolution
		SolutionGuid = {23291252-D9C4-4140-AE13-35CD7008765C}
	EndGlobalSection
EndGlobal
